# Tested Windows runtime dependency set.
# Regenerate from a clean Python 3.13 virtual environment with:
#   python -m pip install -e ".[hardware]"
#   python -m pip freeze --exclude-editable
annotated-doc==0.0.5
annotated-types==0.8.0
anyio==4.14.2
bleak==3.0.2
click==8.4.2
colorama==0.4.6
fastapi==0.140.7
greenlet==3.5.4
h11==0.16.0
hidapi==0.15.0
httptools==0.8.0
idna==3.18
Jinja2==3.1.6
markdown-it-py==4.2.0
MarkupSafe==3.0.3
mdurl==0.1.2
pillow==12.3.0
pydantic==2.13.4
pydantic_core==2.46.4
Pygments==2.20.0
pyserial==3.5
python-dotenv==1.2.2
python-multipart==0.0.32
python-vxi11==0.9
PyYAML==6.0.3
rich==15.0.0
shellingham==1.5.4
SQLAlchemy==2.0.51
starlette==0.52.1
typer==0.27.0
typing-inspection==0.4.2
typing_extensions==4.16.0
uvicorn==0.52.0
watchfiles==1.2.0
websockets==17.0.1
winrt-runtime==3.2.1
winrt-Windows.Devices.Bluetooth==3.2.1
winrt-Windows.Devices.Bluetooth.Advertisement==3.2.1
winrt-Windows.Devices.Bluetooth.GenericAttributeProfile==3.2.1
winrt-Windows.Devices.Enumeration==3.2.1
winrt-Windows.Devices.Radios==3.2.1
winrt-Windows.Foundation==3.2.1
winrt-Windows.Foundation.Collections==3.2.1
winrt-Windows.Storage.Streams==3.2.1
